
Microsoft Visual Studio Solution File, Format Version 12.00
# Visual Studio Version 17
VisualStudioVersion = 17.11.35327.3
MinimumVisualStudioVersion = 10.0.40219.1
Project("{FAE04EC0-301F-11D3-BF4B-00C04F79EFBC}") = "ConsoleApp2", "ConsoleApp2\ConsoleApp2.csproj", "{4C25AE3B-324A-46AC-8F54-0C67D18DCF89}"
EndProject
Global
	GlobalSection(SolutionConfigurationPlatforms) = preSolution
		Debug|Any CPU = Debug|Any CPU
		Release|Any CPU = Release|Any CPU
	EndGlobalSection
	GlobalSection(ProjectConfigurationPlatforms) = postSolution
		{4C25AE3B-324A-46AC-8F54-0C67D18DCF89}.Debug|Any CPU.ActiveCfg = Debug|Any CPU
		{4C25AE3B-324A-46AC-8F54-0C67D18DCF89}.Debug|Any CPU.Build.0 = Debug|Any CPU
		{4C25AE3B-324A-46AC-8F54-0C67D18DCF89}.Release|Any CPU.ActiveCfg = Release|Any CPU
		{4C25AE3B-324A-46AC-8F54-0C67D18DCF89}.Release|Any CPU.Build.0 = Release|Any CPU
	EndGlobalSection
	GlobalSection(SolutionProperties) = preSolution
		HideSolutionNode = FALSE
	EndGlobalSection
	GlobalSection(ExtensibilityGlobals) = postSolution
		SolutionGuid = {7D5DF5AB-0AD6-4E7B-B17A-3AE3CDF3FA0C}
	EndGlobalSection
EndGlobal
